{
  "requires": true,
  "lockfileVersion": 1,
  "dependencies": {
    "read-more-react": {
      "version": "1.0.10",
      "resolved": "https://registry.npmjs.org/read-more-react/-/read-more-react-1.0.10.tgz",
      "integrity": "sha512-8IRDU/tJX1hLbHjPxJHeUxAhm/wC8RHPSbAA+3mS7Dk13/PJf9ra7Z18apkqqPkENIoEaQI5NqhIMQIa1vOxfw=="
    }
  }
}
